
Microsoft Visual Studio Solution File, Format Version 12.00
# Visual Studio Version 17
VisualStudioVersion = 17.6.33801.468
MinimumVisualStudioVersion = 10.0.40219.1
Project("{FAE04EC0-301F-11D3-BF4B-00C04F79EFBC}") = "TiVi.Logging", "TiVi.Logging\TiVi.Logging.csproj", "{488C368A-FEB9-4DC9-B9C4-210DD4E4EDBB}"
EndProject
Global
	GlobalSection(SolutionConfigurationPlatforms) = preSolution
		Debug|Any CPU = Debug|Any CPU
		Release|Any CPU = Release|Any CPU
	EndGlobalSection
	GlobalSection(ProjectConfigurationPlatforms) = postSolution
		{488C368A-FEB9-4DC9-B9C4-210DD4E4EDBB}.Debug|Any CPU.ActiveCfg = Debug|Any CPU
		{488C368A-FEB9-4DC9-B9C4-210DD4E4EDBB}.Debug|Any CPU.Build.0 = Debug|Any CPU
		{488C368A-FEB9-4DC9-B9C4-210DD4E4EDBB}.Release|Any CPU.ActiveCfg = Release|Any CPU
		{488C368A-FEB9-4DC9-B9C4-210DD4E4EDBB}.Release|Any CPU.Build.0 = Release|Any CPU
	EndGlobalSection
	GlobalSection(SolutionProperties) = preSolution
		HideSolutionNode = FALSE
	EndGlobalSection
	GlobalSection(ExtensibilityGlobals) = postSolution
		SolutionGuid = {A3E1DE8B-5644-4A38-A401-586ECDC25C7E}
	EndGlobalSection
EndGlobal
